// !$*UTF8*$!
{
	archiveVersion = 1;
	classes = {
	};
	objectVersion = 46;
	objects = {

/* Begin PBXBuildFile section */
		319CC23618C8064300A2617C /* Foundation.framework in Frameworks */ = {isa = PBXBuildFile; fileRef = 319CC23518C8064300A2617C /* Foundation.framework */; };
		319CC23818C8064300A2617C /* CoreGraphics.framework in Frameworks */ = {isa = PBXBuildFile; fileRef = 319CC23718C8064300A2617C /* CoreGraphics.framework */; };
		319CC23A18C8064300A2617C /* UIKit.framework in Frameworks */ = {isa = PBXBuildFile; fileRef = 319CC23918C8064300A2617C /* UIKit.framework */; };
		319CC24018C8064300A2617C /* InfoPlist.strings in Resources */ = {isa = PBXBuildFile; fileRef = 319CC23E18C8064300A2617C /* InfoPlist.strings */; };
		319CC24218C8064300A2617C /* main.m in Sources */ = {isa = PBXBuildFile; fileRef = 319CC24118C8064300A2617C /* main.m */; };
		319CC24618C8064300A2617C /* AppDelegate.m in Sources */ = {isa = PBXBuildFile; fileRef = 319CC24518C8064300A2617C /* AppDelegate.m */; };
		319CC24918C8064300A2617C /* Main.storyboard in Resources */ = {isa = PBXBuildFile; fileRef = 319CC24718C8064300A2617C /* Main.storyboard */; };
		319CC24C18C8064300A2617C /* ViewController.m in Sources */ = {isa = PBXBuildFile; fileRef = 319CC24B18C8064300A2617C /* ViewController.m */; };
		319CC24E18C8064300A2617C /* Images.xcassets in Resources */ = {isa = PBXBuildFile; fileRef = 319CC24D18C8064300A2617C /* Images.xcassets */; };
		319CC25518C8064400A2617C /* XCTest.framework in Frameworks */ = {isa = PBXBuildFile; fileRef = 319CC25418C8064400A2617C /* XCTest.framework */; };
		319CC25618C8064400A2617C /* Foundation.framework in Frameworks */ = {isa = PBXBuildFile; fileRef = 319CC23518C8064300A2617C /* Foundation.framework */; };
		319CC25718C8064400A2617C /* UIKit.framework in Frameworks */ = {isa = PBXBuildFile; fileRef = 319CC23918C8064300A2617C /* UIKit.framework */; };
		319CC25F18C8064400A2617C /* InfoPlist.strings in Resources */ = {isa = PBXBuildFile; fileRef = 319CC25D18C8064400A2617C /* InfoPlist.strings */; };
		319CC26118C8064400A2617C /* AutoLayoutForIOSDemoTests.m in Sources */ = {isa = PBXBuildFile; fileRef = 319CC26018C8064400A2617C /* AutoLayoutForIOSDemoTests.m */; };
		319CC26B18C80D6E00A2617C /* DocumentsLayout.json in Resources */ = {isa = PBXBuildFile; fileRef = 319CC26A18C80D6E00A2617C /* DocumentsLayout.json */; };
/* End PBXBuildFile section */

/* Begin PBXContainerItemProxy section */
		319CC25818C8064400A2617C /* PBXContainerItemProxy */ = {
			isa = PBXContainerItemProxy;
			containerPortal = 319CC22A18C8064300A2617C /* Project object */;
			proxyType = 1;
			remoteGlobalIDString = 319CC23118C8064300A2617C;
			remoteInfo = AutoLayoutForIOSDemo;
		};
/* End PBXContainerItemProxy section */

/* Begin PBXFileReference section */
		319CC23218C8064300A2617C /* AutoLayoutForIOSDemo.app */ = {isa = PBXFileReference; explicitFileType = wrapper.application; includeInIndex = 0; path = AutoLayoutForIOSDemo.app; sourceTree = BUILT_PRODUCTS_DIR; };
		319CC23518C8064300A2617C /* Foundation.framework */ = {isa = PBXFileReference; lastKnownFileType = wrapper.framework; name = Foundation.framework; path = System/Library/Frameworks/Foundation.framework; sourceTree = SDKROOT; };
		319CC23718C8064300A2617C /* CoreGraphics.framework */ = {isa = PBXFileReference; lastKnownFileType = wrapper.framework; name = CoreGraphics.framework; path = System/Library/Frameworks/CoreGraphics.framework; sourceTree = SDKROOT; };
		319CC23918C8064300A2617C /* UIKit.framework */ = {isa = PBXFileReference; lastKnownFileType = wrapper.framework; name = UIKit.framework; path = System/Library/Frameworks/UIKit.framework; sourceTree = SDKROOT; };
		319CC23D18C8064300A2617C /* AutoLayoutForIOSDemo-Info.plist */ = {isa = PBXFileReference; lastKnownFileType = text.plist.xml; path = "AutoLayoutForIOSDemo-Info.plist"; sourceTree = "<group>"; };
		319CC23F18C8064300A2617C /* en */ = {isa = PBXFileReference; lastKnownFileType = text.plist.strings; name = en; path = en.lproj/InfoPlist.strings; sourceTree = "<group>"; };
		319CC24118C8064300A2617C /* main.m */ = {isa = PBXFileReference; lastKnownFileType = sourcecode.c.objc; path = main.m; sourceTree = "<group>"; };
		319CC24318C8064300A2617C /* AutoLayoutForIOSDemo-Prefix.pch */ = {isa = PBXFileReference; lastKnownFileType = sourcecode.c.h; path = "AutoLayoutForIOSDemo-Prefix.pch"; sourceTree = "<group>"; };
		319CC24418C8064300A2617C /* AppDelegate.h */ = {isa = PBXFileReference; lastKnownFileType = sourcecode.c.h; path = AppDelegate.h; sourceTree = "<group>"; };
		319CC24518C8064300A2617C /* AppDelegate.m */ = {isa = PBXFileReference; lastKnownFileType = sourcecode.c.objc; path = AppDelegate.m; sourceTree = "<group>"; };
		319CC24818C8064300A2617C /* Base */ = {isa = PBXFileReference; lastKnownFileType = file.storyboard; name = Base; path = Base.lproj/Main.storyboard; sourceTree = "<group>"; };
		319CC24A18C8064300A2617C /* ViewController.h */ = {isa = PBXFileReference; lastKnownFileType = sourcecode.c.h; path = ViewController.h; sourceTree = "<group>"; };
		319CC24B18C8064300A2617C /* ViewController.m */ = {isa = PBXFileReference; lastKnownFileType = sourcecode.c.objc; path = ViewController.m; sourceTree = "<group>"; };
		319CC24D18C8064300A2617C /* Images.xcassets */ = {isa = PBXFileReference; lastKnownFileType = folder.assetcatalog; path = Images.xcassets; sourceTree = "<group>"; };
		319CC25318C8064400A2617C /* AutoLayoutForIOSDemoTests.xctest */ = {isa = PBXFileReference; explicitFileType = wrapper.cfbundle; includeInIndex = 0; path = AutoLayoutForIOSDemoTests.xctest; sourceTree = BUILT_PRODUCTS_DIR; };
		319CC25418C8064400A2617C /* XCTest.framework */ = {isa = PBXFileReference; lastKnownFileType = wrapper.framework; name = XCTest.framework; path = Library/Frameworks/XCTest.framework; sourceTree = DEVELOPER_DIR; };
		319CC25C18C8064400A2617C /* AutoLayoutForIOSDemoTests-Info.plist */ = {isa = PBXFileReference; lastKnownFileType = text.plist.xml; path = "AutoLayoutForIOSDemoTests-Info.plist"; sourceTree = "<group>"; };
		319CC25E18C8064400A2617C /* en */ = {isa = PBXFileReference; lastKnownFileType = text.plist.strings; name = en; path = en.lproj/InfoPlist.strings; sourceTree = "<group>"; };
		319CC26018C8064400A2617C /* AutoLayoutForIOSDemoTests.m */ = {isa = PBXFileReference; lastKnownFileType = sourcecode.c.objc; path = AutoLayoutForIOSDemoTests.m; sourceTree = "<group>"; };
		319CC26A18C80D6E00A2617C /* DocumentsLayout.json */ = {isa = PBXFileReference; fileEncoding = 4; lastKnownFileType = text.json; path = DocumentsLayout.json; sourceTree = "<group>"; };
/* End PBXFileReference section */

/* Begin PBXFrameworksBuildPhase section */
		319CC22F18C8064300A2617C /* Frameworks */ = {
			isa = PBXFrameworksBuildPhase;
			buildActionMask = 2147483647;
			files = (
				319CC23818C8064300A2617C /* CoreGraphics.framework in Frameworks */,
				319CC23A18C8064300A2617C /* UIKit.framework in Frameworks */,
				319CC23618C8064300A2617C /* Foundation.framework in Frameworks */,
			);
			runOnlyForDeploymentPostprocessing = 0;
		};
		319CC25018C8064400A2617C /* Frameworks */ = {
			isa = PBXFrameworksBuildPhase;
			buildActionMask = 2147483647;
			files = (
				319CC25518C8064400A2617C /* XCTest.framework in Frameworks */,
				319CC25718C8064400A2617C /* UIKit.framework in Frameworks */,
				319CC25618C8064400A2617C /* Foundation.framework in Frameworks */,
			);
			runOnlyForDeploymentPostprocessing = 0;
		};
/* End PBXFrameworksBuildPhase section */

/* Begin PBXGroup section */
		319CC22918C8064300A2617C = {
			isa = PBXGroup;
			children = (
				319CC23B18C8064300A2617C /* AutoLayoutForIOSDemo */,
				319CC25A18C8064400A2617C /* AutoLayoutForIOSDemoTests */,
				319CC23418C8064300A2617C /* Frameworks */,
				319CC23318C8064300A2617C /* Products */,
			);
			sourceTree = "<group>";
		};
		319CC23318C8064300A2617C /* Products */ = {
			isa = PBXGroup;
			children = (
				319CC23218C8064300A2617C /* AutoLayoutForIOSDemo.app */,
				319CC25318C8064400A2617C /* AutoLayoutForIOSDemoTests.xctest */,
			);
			name = Products;
			sourceTree = "<group>";
		};
		319CC23418C8064300A2617C /* Frameworks */ = {
			isa = PBXGroup;
			children = (
				319CC23518C8064300A2617C /* Foundation.framework */,
				319CC23718C8064300A2617C /* CoreGraphics.framework */,
				319CC23918C8064300A2617C /* UIKit.framework */,
				319CC25418C8064400A2617C /* XCTest.framework */,
			);
			name = Frameworks;
			sourceTree = "<group>";
		};
		319CC23B18C8064300A2617C /* AutoLayoutForIOSDemo */ = {
			isa = PBXGroup;
			children = (
				319CC24418C8064300A2617C /* AppDelegate.h */,
				319CC24518C8064300A2617C /* AppDelegate.m */,
				319CC24718C8064300A2617C /* Main.storyboard */,
				319CC24A18C8064300A2617C /* ViewController.h */,
				319CC24B18C8064300A2617C /* ViewController.m */,
				319CC24D18C8064300A2617C /* Images.xcassets */,
				319CC23C18C8064300A2617C /* Supporting Files */,
			);
			path = AutoLayoutForIOSDemo;
			sourceTree = "<group>";
		};
		319CC23C18C8064300A2617C /* Supporting Files */ = {
			isa = PBXGroup;
			children = (
				319CC26A18C80D6E00A2617C /* DocumentsLayout.json */,
				319CC23D18C8064300A2617C /* AutoLayoutForIOSDemo-Info.plist */,
				319CC23E18C8064300A2617C /* InfoPlist.strings */,
				319CC24118C8064300A2617C /* main.m */,
				319CC24318C8064300A2617C /* AutoLayoutForIOSDemo-Prefix.pch */,
			);
			name = "Supporting Files";
			sourceTree = "<group>";
		};
		319CC25A18C8064400A2617C /* AutoLayoutForIOSDemoTests */ = {
			isa = PBXGroup;
			children = (
				319CC26018C8064400A2617C /* AutoLayoutForIOSDemoTests.m */,
				319CC25B18C8064400A2617C /* Supporting Files */,
			);
			path = AutoLayoutForIOSDemoTests;
			sourceTree = "<group>";
		};
		319CC25B18C8064400A2617C /* Supporting Files */ = {
			isa = PBXGroup;
			children = (
				319CC25C18C8064400A2617C /* AutoLayoutForIOSDemoTests-Info.plist */,
				319CC25D18C8064400A2617C /* InfoPlist.strings */,
			);
			name = "Supporting Files";
			sourceTree = "<group>";
		};
/* End PBXGroup section */

/* Begin PBXNativeTarget section */
		319CC23118C8064300A2617C /* AutoLayoutForIOSDemo */ = {
			isa = PBXNativeTarget;
			buildConfigurationList = 319CC26418C8064400A2617C /* Build configuration list for PBXNativeTarget "AutoLayoutForIOSDemo" */;
			buildPhases = (
				319CC22E18C8064300A2617C /* Sources */,
				319CC22F18C8064300A2617C /* Frameworks */,
				319CC23018C8064300A2617C /* Resources */,
			);
			buildRules = (
			);
			dependencies = (
			);
			name = AutoLayoutForIOSDemo;
			productName = AutoLayoutForIOSDemo;
			productReference = 319CC23218C8064300A2617C /* AutoLayoutForIOSDemo.app */;
			productType = "com.apple.product-type.application";
		};
		319CC25218C8064400A2617C /* AutoLayoutForIOSDemoTests */ = {
			isa = PBXNativeTarget;
			buildConfigurationList = 319CC26718C8064400A2617C /* Build configuration list for PBXNativeTarget "AutoLayoutForIOSDemoTests" */;
			buildPhases = (
				319CC24F18C8064400A2617C /* Sources */,
				319CC25018C8064400A2617C /* Frameworks */,
				319CC25118C8064400A2617C /* Resources */,
			);
			buildRules = (
			);
			dependencies = (
				319CC25918C8064400A2617C /* PBXTargetDependency */,
			);
			name = AutoLayoutForIOSDemoTests;
			productName = AutoLayoutForIOSDemoTests;
			productReference = 319CC25318C8064400A2617C /* AutoLayoutForIOSDemoTests.xctest */;
			productType = "com.apple.product-type.bundle.unit-test";
		};
/* End PBXNativeTarget section */

/* Begin PBXProject section */
		319CC22A18C8064300A2617C /* Project object */ = {
			isa = PBXProject;
			attributes = {
				LastUpgradeCheck = 0500;
				ORGANIZATIONNAME = "传晟";
				TargetAttributes = {
					319CC25218C8064400A2617C = {
						TestTargetID = 319CC23118C8064300A2617C;
					};
				};
			};
			buildConfigurationList = 319CC22D18C8064300A2617C /* Build configuration list for PBXProject "AutoLayoutForIOSDemo" */;
			compatibilityVersion = "Xcode 3.2";
			developmentRegion = English;
			hasScannedForEncodings = 0;
			knownRegions = (
				en,
				Base,
			);
			mainGroup = 319CC22918C8064300A2617C;
			productRefGroup = 319CC23318C8064300A2617C /* Products */;
			projectDirPath = "";
			projectRoot = "";
			targets = (
				319CC23118C8064300A2617C /* AutoLayoutForIOSDemo */,
				319CC25218C8064400A2617C /* AutoLayoutForIOSDemoTests */,
			);
		};
/* End PBXProject section */

/* Begin PBXResourcesBuildPhase section */
		319CC23018C8064300A2617C /* Resources */ = {
			isa = PBXResourcesBuildPhase;
			buildActionMask = 2147483647;
			files = (
				319CC26B18C80D6E00A2617C /* DocumentsLayout.json in Resources */,
				319CC24E18C8064300A2617C /* Images.xcassets in Resources */,
				319CC24018C8064300A2617C /* InfoPlist.strings in Resources */,
				319CC24918C8064300A2617C /* Main.storyboard in Resources */,
			);
			runOnlyForDeploymentPostprocessing = 0;
		};
		319CC25118C8064400A2617C /* Resources */ = {
			isa = PBXResourcesBuildPhase;
			buildActionMask = 2147483647;
			files = (
				319CC25F18C8064400A2617C /* InfoPlist.strings in Resources */,
			);
			runOnlyForDeploymentPostprocessing = 0;
		};
/* End PBXResourcesBuildPhase section */

/* Begin PBXSourcesBuildPhase section */
		319CC22E18C8064300A2617C /* Sources */ = {
			isa = PBXSourcesBuildPhase;
			buildActionMask = 2147483647;
			files = (
				319CC24C18C8064300A2617C /* ViewController.m in Sources */,
				319CC24618C8064300A2617C /* AppDelegate.m in Sources */,
				319CC24218C8064300A2617C /* main.m in Sources */,
			);
			runOnlyForDeploymentPostprocessing = 0;
		};
		319CC24F18C8064400A2617C /* Sources */ = {
			isa = PBXSourcesBuildPhase;
			buildActionMask = 2147483647;
			files = (
				319CC26118C8064400A2617C /* AutoLayoutForIOSDemoTests.m in Sources */,
			);
			runOnlyForDeploymentPostprocessing = 0;
		};
/* End PBXSourcesBuildPhase section */

/* Begin PBXTargetDependency section */
		319CC25918C8064400A2617C /* PBXTargetDependency */ = {
			isa = PBXTargetDependency;
			target = 319CC23118C8064300A2617C /* AutoLayoutForIOSDemo */;
			targetProxy = 319CC25818C8064400A2617C /* PBXContainerItemProxy */;
		};
/* End PBXTargetDependency section */

/* Begin PBXVariantGroup section */
		319CC23E18C8064300A2617C /* InfoPlist.strings */ = {
			isa = PBXVariantGroup;
			children = (
				319CC23F18C8064300A2617C /* en */,
			);
			name = InfoPlist.strings;
			sourceTree = "<group>";
		};
		319CC24718C8064300A2617C /* Main.storyboard */ = {
			isa = PBXVariantGroup;
			children = (
				319CC24818C8064300A2617C /* Base */,
			);
			name = Main.storyboard;
			sourceTree = "<group>";
		};
		319CC25D18C8064400A2617C /* InfoPlist.strings */ = {
			isa = PBXVariantGroup;
			children = (
				319CC25E18C8064400A2617C /* en */,
			);
			name = InfoPlist.strings;
			sourceTree = "<group>";
		};
/* End PBXVariantGroup section */

/* Begin XCBuildConfiguration section */
		319CC26218C8064400A2617C /* Debug */ = {
			isa = XCBuildConfiguration;
			buildSettings = {
				ALWAYS_SEARCH_USER_PATHS = NO;
				ARCHS = "$(ARCHS_STANDARD_INCLUDING_64_BIT)";
				CLANG_CXX_LANGUAGE_STANDARD = "gnu++0x";
				CLANG_CXX_LIBRARY = "libc++";
				CLANG_ENABLE_MODULES = YES;
				CLANG_ENABLE_OBJC_ARC = YES;
				CLANG_WARN_BOOL_CONVERSION = YES;
				CLANG_WARN_CONSTANT_CONVERSION = YES;
				CLANG_WARN_DIRECT_OBJC_ISA_USAGE = YES_ERROR;
				CLANG_WARN_EMPTY_BODY = YES;
				CLANG_WARN_ENUM_CONVERSION = YES;
				CLANG_WARN_INT_CONVERSION = YES;
				CLANG_WARN_OBJC_ROOT_CLASS = YES_ERROR;
				CLANG_WARN__DUPLICATE_METHOD_MATCH = YES;
				"CODE_SIGN_IDENTITY[sdk=iphoneos*]" = "iPhone Developer";
				COPY_PHASE_STRIP = NO;
				GCC_C_LANGUAGE_STANDARD = gnu99;
				GCC_DYNAMIC_NO_PIC = NO;
				GCC_OPTIMIZATION_LEVEL = 0;
				GCC_PREPROCESSOR_DEFINITIONS = (
					"DEBUG=1",
					"$(inherited)",
				);
				GCC_SYMBOLS_PRIVATE_EXTERN = NO;
				GCC_WARN_64_TO_32_BIT_CONVERSION = YES;
				GCC_WARN_ABOUT_RETURN_TYPE = YES_ERROR;
				GCC_WARN_UNDECLARED_SELECTOR = YES;
				GCC_WARN_UNINITIALIZED_AUTOS = YES;
				GCC_WARN_UNUSED_FUNCTION = YES;
				GCC_WARN_UNUSED_VARIABLE = YES;
				IPHONEOS_DEPLOYMENT_TARGET = 7.0;
				ONLY_ACTIVE_ARCH = YES;
				SDKROOT = iphoneos;
			};
			name = Debug;
		};
		319CC26318C8064400A2617C /* Release */ = {
			isa = XCBuildConfiguration;
			buildSettings = {
				ALWAYS_SEARCH_USER_PATHS = NO;
				ARCHS = "$(ARCHS_STANDARD_INCLUDING_64_BIT)";
				CLANG_CXX_LANGUAGE_STANDARD = "gnu++0x";
				CLANG_CXX_LIBRARY = "libc++";
				CLANG_ENABLE_MODULES = YES;
				CLANG_ENABLE_OBJC_ARC = YES;
				CLANG_WARN_BOOL_CONVERSION = YES;
				CLANG_WARN_CONSTANT_CONVERSION = YES;
				CLANG_WARN_DIRECT_OBJC_ISA_USAGE = YES_ERROR;
				CLANG_WARN_EMPTY_BODY = YES;
				CLANG_WARN_ENUM_CONVERSION = YES;
				CLANG_WARN_INT_CONVERSION = YES;
				CLANG_WARN_OBJC_ROOT_CLASS = YES_ERROR;
				CLANG_WARN__DUPLICATE_METHOD_MATCH = YES;
				"CODE_SIGN_IDENTITY[sdk=iphoneos*]" = "iPhone Developer";
				COPY_PHASE_STRIP = YES;
				ENABLE_NS_ASSERTIONS = NO;
				GCC_C_LANGUAGE_STANDARD = gnu99;
				GCC_WARN_64_TO_32_BIT_CONVERSION = YES;
				GCC_WARN_ABOUT_RETURN_TYPE = YES_ERROR;
				GCC_WARN_UNDECLARED_SELECTOR = YES;
				GCC_WARN_UNINITIALIZED_AUTOS = YES;
				GCC_WARN_UNUSED_FUNCTION = YES;
				GCC_WARN_UNUSED_VARIABLE = YES;
				IPHONEOS_DEPLOYMENT_TARGET = 7.0;
				SDKROOT = iphoneos;
				VALIDATE_PRODUCT = YES;
			};
			name = Release;
		};
		319CC26518C8064400A2617C /* Debug */ = {
			isa = XCBuildConfiguration;
			buildSettings = {
				ASSETCATALOG_COMPILER_APPICON_NAME = AppIcon;
				ASSETCATALOG_COMPILER_LAUNCHIMAGE_NAME = LaunchImage;
				GCC_PRECOMPILE_PREFIX_HEADER = YES;
				GCC_PREFIX_HEADER = "AutoLayoutForIOSDemo/AutoLayoutForIOSDemo-Prefix.pch";
				INFOPLIST_FILE = "AutoLayoutForIOSDemo/AutoLayoutForIOSDemo-Info.plist";
				PRODUCT_NAME = "$(TARGET_NAME)";
				WRAPPER_EXTENSION = app;
			};
			name = Debug;
		};
		319CC26618C8064400A2617C /* Release */ = {
			isa = XCBuildConfiguration;
			buildSettings = {
				ASSETCATALOG_COMPILER_APPICON_NAME = AppIcon;
				ASSETCATALOG_COMPILER_LAUNCHIMAGE_NAME = LaunchImage;
				GCC_PRECOMPILE_PREFIX_HEADER = YES;
				GCC_PREFIX_HEADER = "AutoLayoutForIOSDemo/AutoLayoutForIOSDemo-Prefix.pch";
				INFOPLIST_FILE = "AutoLayoutForIOSDemo/AutoLayoutForIOSDemo-Info.plist";
				PRODUCT_NAME = "$(TARGET_NAME)";
				WRAPPER_EXTENSION = app;
			};
			name = Release;
		};
		319CC26818C8064400A2617C /* Debug */ = {
			isa = XCBuildConfiguration;
			buildSettings = {
				ARCHS = "$(ARCHS_STANDARD_INCLUDING_64_BIT)";
				BUNDLE_LOADER = "$(BUILT_PRODUCTS_DIR)/AutoLayoutForIOSDemo.app/AutoLayoutForIOSDemo";
				FRAMEWORK_SEARCH_PATHS = (
					"$(SDKROOT)/Developer/Library/Frameworks",
					"$(inherited)",
					"$(DEVELOPER_FRAMEWORKS_DIR)",
				);
				GCC_PRECOMPILE_PREFIX_HEADER = YES;
				GCC_PREFIX_HEADER = "AutoLayoutForIOSDemo/AutoLayoutForIOSDemo-Prefix.pch";
				GCC_PREPROCESSOR_DEFINITIONS = (
					"DEBUG=1",
					"$(inherited)",
				);
				INFOPLIST_FILE = "AutoLayoutForIOSDemoTests/AutoLayoutForIOSDemoTests-Info.plist";
				PRODUCT_NAME = "$(TARGET_NAME)";
				TEST_HOST = "$(BUNDLE_LOADER)";
				WRAPPER_EXTENSION = xctest;
			};
			name = Debug;
		};
		319CC26918C8064400A2617C /* Release */ = {
			isa = XCBuildConfiguration;
			buildSettings = {
				ARCHS = "$(ARCHS_STANDARD_INCLUDING_64_BIT)";
				BUNDLE_LOADER = "$(BUILT_PRODUCTS_DIR)/AutoLayoutForIOSDemo.app/AutoLayoutForIOSDemo";
				FRAMEWORK_SEARCH_PATHS = (
					"$(SDKROOT)/Developer/Library/Frameworks",
					"$(inherited)",
					"$(DEVELOPER_FRAMEWORKS_DIR)",
				);
				GCC_PRECOMPILE_PREFIX_HEADER = YES;
				GCC_PREFIX_HEADER = "AutoLayoutForIOSDemo/AutoLayoutForIOSDemo-Prefix.pch";
				INFOPLIST_FILE = "AutoLayoutForIOSDemoTests/AutoLayoutForIOSDemoTests-Info.plist";
				PRODUCT_NAME = "$(TARGET_NAME)";
				TEST_HOST = "$(BUNDLE_LOADER)";
				WRAPPER_EXTENSION = xctest;
			};
			name = Release;
		};
/* End XCBuildConfiguration section */

/* Begin XCConfigurationList section */
		319CC22D18C8064300A2617C /* Build configuration list for PBXProject "AutoLayoutForIOSDemo" */ = {
			isa = XCConfigurationList;
			buildConfigurations = (
				319CC26218C8064400A2617C /* Debug */,
				319CC26318C8064400A2617C /* Release */,
			);
			defaultConfigurationIsVisible = 0;
			defaultConfigurationName = Release;
		};
		319CC26418C8064400A2617C /* Build configuration list for PBXNativeTarget "AutoLayoutForIOSDemo" */ = {
			isa = XCConfigurationList;
			buildConfigurations = (
				319CC26518C8064400A2617C /* Debug */,
				319CC26618C8064400A2617C /* Release */,
			);
			defaultConfigurationIsVisible = 0;
		};
		319CC26718C8064400A2617C /* Build configuration list for PBXNativeTarget "AutoLayoutForIOSDemoTests" */ = {
			isa = XCConfigurationList;
			buildConfigurations = (
				319CC26818C8064400A2617C /* Debug */,
				319CC26918C8064400A2617C /* Release */,
			);
			defaultConfigurationIsVisible = 0;
		};
/* End XCConfigurationList section */
	};
	rootObject = 319CC22A18C8064300A2617C /* Project object */;
}
